
Microsoft Visual Studio Solution File, Format Version 12.00
# Visual Studio Version 16
Project("{8BC9CEB8-8B4A-11D0-8D11-00A0C91BC942}") = "ALL_BUILD", "ALL_BUILD.vcxproj", "{C3AC2557-DF48-31C3-A7B1-9D9D973537C9}"
	ProjectSection(ProjectDependencies) = postProject
		{3340ADB2-1478-36CE-BB56-7C9CE64C4567} = {3340ADB2-1478-36CE-BB56-7C9CE64C4567}
		{D98438B8-E65F-31E7-BA33-2AB5641E3B67} = {D98438B8-E65F-31E7-BA33-2AB5641E3B67}
		{26965E33-DBCF-3F3D-917F-A3B932369D6B} = {26965E33-DBCF-3F3D-917F-A3B932369D6B}
		{94C4A152-9FD8-3B60-B875-0281A006389E} = {94C4A152-9FD8-3B60-B875-0281A006389E}
		{AF5337F2-BA13-3C4D-B10C-2B4AFE74D6C4} = {AF5337F2-BA13-3C4D-B10C-2B4AFE74D6C4}
		{60A39361-C930-35F8-BE2C-9ABE4ED9067C} = {60A39361-C930-35F8-BE2C-9ABE4ED9067C}
		{CE4A1B4D-579D-3A87-8450-28DA0539A57B} = {CE4A1B4D-579D-3A87-8450-28DA0539A57B}
		{729FBE07-7ADA-3D4B-918E-35BB1239371F} = {729FBE07-7ADA-3D4B-918E-35BB1239371F}
		{58D86F35-64A4-3FBE-B058-5F997E4D653B} = {58D86F35-64A4-3FBE-B058-5F997E4D653B}
	EndProjectSection
EndProject
Project("{8BC9CEB8-8B4A-11D0-8D11-00A0C91BC942}") = "RUN_TESTS", "RUN_TESTS.vcxproj", "{88382671-5F5C-3DF7-A834-82A20B72CF54}"
	ProjectSection(ProjectDependencies) = postProject
		{3340ADB2-1478-36CE-BB56-7C9CE64C4567} = {3340ADB2-1478-36CE-BB56-7C9CE64C4567}
	EndProjectSection
EndProject
Project("{8BC9CEB8-8B4A-11D0-8D11-00A0C91BC942}") = "ZERO_CHECK", "ZERO_CHECK.vcxproj", "{3340ADB2-1478-36CE-BB56-7C9CE64C4567}"
	ProjectSection(ProjectDependencies) = postProject
	EndProjectSection
EndProject
Project("{8BC9CEB8-8B4A-11D0-8D11-00A0C91BC942}") = "descr_stats", "tools\descr_stats_v1.2\descr_stats.vcxproj", "{D98438B8-E65F-31E7-BA33-2AB5641E3B67}"
	ProjectSection(ProjectDependencies) = postProject
		{3340ADB2-1478-36CE-BB56-7C9CE64C4567} = {3340ADB2-1478-36CE-BB56-7C9CE64C4567}
	EndProjectSection
EndProject
Project("{8BC9CEB8-8B4A-11D0-8D11-00A0C91BC942}") = "eperftool", "applis\eperftool\eperftool.vcxproj", "{26965E33-DBCF-3F3D-917F-A3B932369D6B}"
	ProjectSection(ProjectDependencies) = postProject
		{3340ADB2-1478-36CE-BB56-7C9CE64C4567} = {3340ADB2-1478-36CE-BB56-7C9CE64C4567}
		{94C4A152-9FD8-3B60-B875-0281A006389E} = {94C4A152-9FD8-3B60-B875-0281A006389E}
	EndProjectSection
EndProject
Project("{8BC9CEB8-8B4A-11D0-8D11-00A0C91BC942}") = "openfec", "src\openfec.vcxproj", "{94C4A152-9FD8-3B60-B875-0281A006389E}"
	ProjectSection(ProjectDependencies) = postProject
		{3340ADB2-1478-36CE-BB56-7C9CE64C4567} = {3340ADB2-1478-36CE-BB56-7C9CE64C4567}
	EndProjectSection
EndProject
Project("{8BC9CEB8-8B4A-11D0-8D11-00A0C91BC942}") = "simple_client", "applis\howto_examples\simple_client_server\simple_client.vcxproj", "{AF5337F2-BA13-3C4D-B10C-2B4AFE74D6C4}"
	ProjectSection(ProjectDependencies) = postProject
		{3340ADB2-1478-36CE-BB56-7C9CE64C4567} = {3340ADB2-1478-36CE-BB56-7C9CE64C4567}
		{94C4A152-9FD8-3B60-B875-0281A006389E} = {94C4A152-9FD8-3B60-B875-0281A006389E}
	EndProjectSection
EndProject
Project("{8BC9CEB8-8B4A-11D0-8D11-00A0C91BC942}") = "simple_server", "applis\howto_examples\simple_client_server\simple_server.vcxproj", "{60A39361-C930-35F8-BE2C-9ABE4ED9067C}"
	ProjectSection(ProjectDependencies) = postProject
		{3340ADB2-1478-36CE-BB56-7C9CE64C4567} = {3340ADB2-1478-36CE-BB56-7C9CE64C4567}
		{94C4A152-9FD8-3B60-B875-0281A006389E} = {94C4A152-9FD8-3B60-B875-0281A006389E}
	EndProjectSection
EndProject
Project("{8BC9CEB8-8B4A-11D0-8D11-00A0C91BC942}") = "test_code_params", "tests\test_code_params.vcxproj", "{CE4A1B4D-579D-3A87-8450-28DA0539A57B}"
	ProjectSection(ProjectDependencies) = postProject
		{3340ADB2-1478-36CE-BB56-7C9CE64C4567} = {3340ADB2-1478-36CE-BB56-7C9CE64C4567}
		{94C4A152-9FD8-3B60-B875-0281A006389E} = {94C4A152-9FD8-3B60-B875-0281A006389E}
	EndProjectSection
EndProject
Project("{8BC9CEB8-8B4A-11D0-8D11-00A0C91BC942}") = "test_create_instance", "tests\test_create_instance.vcxproj", "{729FBE07-7ADA-3D4B-918E-35BB1239371F}"
	ProjectSection(ProjectDependencies) = postProject
		{3340ADB2-1478-36CE-BB56-7C9CE64C4567} = {3340ADB2-1478-36CE-BB56-7C9CE64C4567}
		{94C4A152-9FD8-3B60-B875-0281A006389E} = {94C4A152-9FD8-3B60-B875-0281A006389E}
	EndProjectSection
EndProject
Project("{8BC9CEB8-8B4A-11D0-8D11-00A0C91BC942}") = "test_encoder_instance", "tests\test_encoder_instance.vcxproj", "{58D86F35-64A4-3FBE-B058-5F997E4D653B}"
	ProjectSection(ProjectDependencies) = postProject
		{3340ADB2-1478-36CE-BB56-7C9CE64C4567} = {3340ADB2-1478-36CE-BB56-7C9CE64C4567}
		{94C4A152-9FD8-3B60-B875-0281A006389E} = {94C4A152-9FD8-3B60-B875-0281A006389E}
	EndProjectSection
EndProject
Global
	GlobalSection(SolutionConfigurationPlatforms) = preSolution
		Debug|x64 = Debug|x64
		Release|x64 = Release|x64
		MinSizeRel|x64 = MinSizeRel|x64
		RelWithDebInfo|x64 = RelWithDebInfo|x64
	EndGlobalSection
	GlobalSection(ProjectConfigurationPlatforms) = postSolution
		{C3AC2557-DF48-31C3-A7B1-9D9D973537C9}.Debug|x64.ActiveCfg = Debug|x64
		{C3AC2557-DF48-31C3-A7B1-9D9D973537C9}.Release|x64.ActiveCfg = Release|x64
		{C3AC2557-DF48-31C3-A7B1-9D9D973537C9}.MinSizeRel|x64.ActiveCfg = MinSizeRel|x64
		{C3AC2557-DF48-31C3-A7B1-9D9D973537C9}.RelWithDebInfo|x64.ActiveCfg = RelWithDebInfo|x64
		{88382671-5F5C-3DF7-A834-82A20B72CF54}.Debug|x64.ActiveCfg = Debug|x64
		{88382671-5F5C-3DF7-A834-82A20B72CF54}.Release|x64.ActiveCfg = Release|x64
		{88382671-5F5C-3DF7-A834-82A20B72CF54}.MinSizeRel|x64.ActiveCfg = MinSizeRel|x64
		{88382671-5F5C-3DF7-A834-82A20B72CF54}.RelWithDebInfo|x64.ActiveCfg = RelWithDebInfo|x64
		{3340ADB2-1478-36CE-BB56-7C9CE64C4567}.Debug|x64.ActiveCfg = Debug|x64
		{3340ADB2-1478-36CE-BB56-7C9CE64C4567}.Debug|x64.Build.0 = Debug|x64
		{3340ADB2-1478-36CE-BB56-7C9CE64C4567}.Release|x64.ActiveCfg = Release|x64
		{3340ADB2-1478-36CE-BB56-7C9CE64C4567}.Release|x64.Build.0 = Release|x64
		{3340ADB2-1478-36CE-BB56-7C9CE64C4567}.MinSizeRel|x64.ActiveCfg = MinSizeRel|x64
		{3340ADB2-1478-36CE-BB56-7C9CE64C4567}.MinSizeRel|x64.Build.0 = MinSizeRel|x64
		{3340ADB2-1478-36CE-BB56-7C9CE64C4567}.RelWithDebInfo|x64.ActiveCfg = RelWithDebInfo|x64
		{3340ADB2-1478-36CE-BB56-7C9CE64C4567}.RelWithDebInfo|x64.Build.0 = RelWithDebInfo|x64
		{D98438B8-E65F-31E7-BA33-2AB5641E3B67}.Debug|x64.ActiveCfg = Debug|x64
		{D98438B8-E65F-31E7-BA33-2AB5641E3B67}.Debug|x64.Build.0 = Debug|x64
		{D98438B8-E65F-31E7-BA33-2AB5641E3B67}.Release|x64.ActiveCfg = Release|x64
		{D98438B8-E65F-31E7-BA33-2AB5641E3B67}.Release|x64.Build.0 = Release|x64
		{D98438B8-E65F-31E7-BA33-2AB5641E3B67}.MinSizeRel|x64.ActiveCfg = MinSizeRel|x64
		{D98438B8-E65F-31E7-BA33-2AB5641E3B67}.MinSizeRel|x64.Build.0 = MinSizeRel|x64
		{D98438B8-E65F-31E7-BA33-2AB5641E3B67}.RelWithDebInfo|x64.ActiveCfg = RelWithDebInfo|x64
		{D98438B8-E65F-31E7-BA33-2AB5641E3B67}.RelWithDebInfo|x64.Build.0 = RelWithDebInfo|x64
		{26965E33-DBCF-3F3D-917F-A3B932369D6B}.Debug|x64.ActiveCfg = Debug|x64
		{26965E33-DBCF-3F3D-917F-A3B932369D6B}.Debug|x64.Build.0 = Debug|x64
		{26965E33-DBCF-3F3D-917F-A3B932369D6B}.Release|x64.ActiveCfg = Release|x64
		{26965E33-DBCF-3F3D-917F-A3B932369D6B}.Release|x64.Build.0 = Release|x64
		{26965E33-DBCF-3F3D-917F-A3B932369D6B}.MinSizeRel|x64.ActiveCfg = MinSizeRel|x64
		{26965E33-DBCF-3F3D-917F-A3B932369D6B}.MinSizeRel|x64.Build.0 = MinSizeRel|x64
		{26965E33-DBCF-3F3D-917F-A3B932369D6B}.RelWithDebInfo|x64.ActiveCfg = RelWithDebInfo|x64
		{26965E33-DBCF-3F3D-917F-A3B932369D6B}.RelWithDebInfo|x64.Build.0 = RelWithDebInfo|x64
		{94C4A152-9FD8-3B60-B875-0281A006389E}.Debug|x64.ActiveCfg = Debug|x64
		{94C4A152-9FD8-3B60-B875-0281A006389E}.Debug|x64.Build.0 = Debug|x64
		{94C4A152-9FD8-3B60-B875-0281A006389E}.Release|x64.ActiveCfg = Release|x64
		{94C4A152-9FD8-3B60-B875-0281A006389E}.Release|x64.Build.0 = Release|x64
		{94C4A152-9FD8-3B60-B875-0281A006389E}.MinSizeRel|x64.ActiveCfg = MinSizeRel|x64
		{94C4A152-9FD8-3B60-B875-0281A006389E}.MinSizeRel|x64.Build.0 = MinSizeRel|x64
		{94C4A152-9FD8-3B60-B875-0281A006389E}.RelWithDebInfo|x64.ActiveCfg = RelWithDebInfo|x64
		{94C4A152-9FD8-3B60-B875-0281A006389E}.RelWithDebInfo|x64.Build.0 = RelWithDebInfo|x64
		{AF5337F2-BA13-3C4D-B10C-2B4AFE74D6C4}.Debug|x64.ActiveCfg = Debug|x64
		{AF5337F2-BA13-3C4D-B10C-2B4AFE74D6C4}.Debug|x64.Build.0 = Debug|x64
		{AF5337F2-BA13-3C4D-B10C-2B4AFE74D6C4}.Release|x64.ActiveCfg = Release|x64
		{AF5337F2-BA13-3C4D-B10C-2B4AFE74D6C4}.Release|x64.Build.0 = Release|x64
		{AF5337F2-BA13-3C4D-B10C-2B4AFE74D6C4}.MinSizeRel|x64.ActiveCfg = MinSizeRel|x64
		{AF5337F2-BA13-3C4D-B10C-2B4AFE74D6C4}.MinSizeRel|x64.Build.0 = MinSizeRel|x64
		{AF5337F2-BA13-3C4D-B10C-2B4AFE74D6C4}.RelWithDebInfo|x64.ActiveCfg = RelWithDebInfo|x64
		{AF5337F2-BA13-3C4D-B10C-2B4AFE74D6C4}.RelWithDebInfo|x64.Build.0 = RelWithDebInfo|x64
		{60A39361-C930-35F8-BE2C-9ABE4ED9067C}.Debug|x64.ActiveCfg = Debug|x64
		{60A39361-C930-35F8-BE2C-9ABE4ED9067C}.Debug|x64.Build.0 = Debug|x64
		{60A39361-C930-35F8-BE2C-9ABE4ED9067C}.Release|x64.ActiveCfg = Release|x64
		{60A39361-C930-35F8-BE2C-9ABE4ED9067C}.Release|x64.Build.0 = Release|x64
		{60A39361-C930-35F8-BE2C-9ABE4ED9067C}.MinSizeRel|x64.ActiveCfg = MinSizeRel|x64
		{60A39361-C930-35F8-BE2C-9ABE4ED9067C}.MinSizeRel|x64.Build.0 = MinSizeRel|x64
		{60A39361-C930-35F8-BE2C-9ABE4ED9067C}.RelWithDebInfo|x64.ActiveCfg = RelWithDebInfo|x64
		{60A39361-C930-35F8-BE2C-9ABE4ED9067C}.RelWithDebInfo|x64.Build.0 = RelWithDebInfo|x64
		{CE4A1B4D-579D-3A87-8450-28DA0539A57B}.Debug|x64.ActiveCfg = Debug|x64
		{CE4A1B4D-579D-3A87-8450-28DA0539A57B}.Debug|x64.Build.0 = Debug|x64
		{CE4A1B4D-579D-3A87-8450-28DA0539A57B}.Release|x64.ActiveCfg = Release|x64
		{CE4A1B4D-579D-3A87-8450-28DA0539A57B}.Release|x64.Build.0 = Release|x64
		{CE4A1B4D-579D-3A87-8450-28DA0539A57B}.MinSizeRel|x64.ActiveCfg = MinSizeRel|x64
		{CE4A1B4D-579D-3A87-8450-28DA0539A57B}.MinSizeRel|x64.Build.0 = MinSizeRel|x64
		{CE4A1B4D-579D-3A87-8450-28DA0539A57B}.RelWithDebInfo|x64.ActiveCfg = RelWithDebInfo|x64
		{CE4A1B4D-579D-3A87-8450-28DA0539A57B}.RelWithDebInfo|x64.Build.0 = RelWithDebInfo|x64
		{729FBE07-7ADA-3D4B-918E-35BB1239371F}.Debug|x64.ActiveCfg = Debug|x64
		{729FBE07-7ADA-3D4B-918E-35BB1239371F}.Debug|x64.Build.0 = Debug|x64
		{729FBE07-7ADA-3D4B-918E-35BB1239371F}.Release|x64.ActiveCfg = Release|x64
		{729FBE07-7ADA-3D4B-918E-35BB1239371F}.Release|x64.Build.0 = Release|x64
		{729FBE07-7ADA-3D4B-918E-35BB1239371F}.MinSizeRel|x64.ActiveCfg = MinSizeRel|x64
		{729FBE07-7ADA-3D4B-918E-35BB1239371F}.MinSizeRel|x64.Build.0 = MinSizeRel|x64
		{729FBE07-7ADA-3D4B-918E-35BB1239371F}.RelWithDebInfo|x64.ActiveCfg = RelWithDebInfo|x64
		{729FBE07-7ADA-3D4B-918E-35BB1239371F}.RelWithDebInfo|x64.Build.0 = RelWithDebInfo|x64
		{58D86F35-64A4-3FBE-B058-5F997E4D653B}.Debug|x64.ActiveCfg = Debug|x64
		{58D86F35-64A4-3FBE-B058-5F997E4D653B}.Debug|x64.Build.0 = Debug|x64
		{58D86F35-64A4-3FBE-B058-5F997E4D653B}.Release|x64.ActiveCfg = Release|x64
		{58D86F35-64A4-3FBE-B058-5F997E4D653B}.Release|x64.Build.0 = Release|x64
		{58D86F35-64A4-3FBE-B058-5F997E4D653B}.MinSizeRel|x64.ActiveCfg = MinSizeRel|x64
		{58D86F35-64A4-3FBE-B058-5F997E4D653B}.MinSizeRel|x64.Build.0 = MinSizeRel|x64
		{58D86F35-64A4-3FBE-B058-5F997E4D653B}.RelWithDebInfo|x64.ActiveCfg = RelWithDebInfo|x64
		{58D86F35-64A4-3FBE-B058-5F997E4D653B}.RelWithDebInfo|x64.Build.0 = RelWithDebInfo|x64
	EndGlobalSection
	GlobalSection(ExtensibilityGlobals) = postSolution
		SolutionGuid = {3F0CF083-E763-37B3-86F9-03CD18C1A7F8}
	EndGlobalSection
	GlobalSection(ExtensibilityAddIns) = postSolution
	EndGlobalSection
EndGlobal
