<?xml version="1.0" encoding="utf-8"?>
<Project ToolsVersion="16.0" xmlns="http://schemas.microsoft.com/developer/msbuild/2003">
  <ItemGroup>
    <ClCompile Include="D:\dev\openfec\openfec_v1.4.2\applis\eperftool\blocking_struct.c">
      <Filter>Source Files</Filter>
    </ClCompile>
    <ClCompile Include="D:\dev\openfec\openfec_v1.4.2\applis\eperftool\callbacks.c">
      <Filter>Source Files</Filter>
    </ClCompile>
    <ClCompile Include="D:\dev\openfec\openfec_v1.4.2\applis\eperftool\codec_instance_mgmt.c">
      <Filter>Source Files</Filter>
    </ClCompile>
    <ClCompile Include="D:\dev\openfec\openfec_v1.4.2\applis\eperftool\command_line.c">
      <Filter>Source Files</Filter>
    </ClCompile>
    <ClCompile Include="D:\dev\openfec\openfec_v1.4.2\applis\eperftool\eperftool.c">
      <Filter>Source Files</Filter>
    </ClCompile>
    <ClCompile Include="D:\dev\openfec\openfec_v1.4.2\applis\eperftool\globals.c">
      <Filter>Source Files</Filter>
    </ClCompile>
    <ClCompile Include="D:\dev\openfec\openfec_v1.4.2\applis\eperftool\receiver.c">
      <Filter>Source Files</Filter>
    </ClCompile>
    <ClCompile Include="D:\dev\openfec\openfec_v1.4.2\applis\eperftool\sender.c">
      <Filter>Source Files</Filter>
    </ClCompile>
    <ClCompile Include="D:\dev\openfec\openfec_v1.4.2\applis\eperftool\tx_simulator.c">
      <Filter>Source Files</Filter>
    </ClCompile>
  </ItemGroup>
  <ItemGroup>
    <ClInclude Include="D:\dev\openfec\openfec_v1.4.2\applis\eperftool\blocking_struct.h">
      <Filter>Header Files</Filter>
    </ClInclude>
    <ClInclude Include="D:\dev\openfec\openfec_v1.4.2\applis\eperftool\callbacks.h">
      <Filter>Header Files</Filter>
    </ClInclude>
    <ClInclude Include="D:\dev\openfec\openfec_v1.4.2\applis\eperftool\codec_instance_mgmt.h">
      <Filter>Header Files</Filter>
    </ClInclude>
    <ClInclude Include="D:\dev\openfec\openfec_v1.4.2\applis\eperftool\defaults.h">
      <Filter>Header Files</Filter>
    </ClInclude>
    <ClInclude Include="D:\dev\openfec\openfec_v1.4.2\applis\eperftool\eperftool.h">
      <Filter>Header Files</Filter>
    </ClInclude>
    <ClInclude Include="D:\dev\openfec\openfec_v1.4.2\applis\eperftool\globals.h">
      <Filter>Header Files</Filter>
    </ClInclude>
  </ItemGroup>
  <ItemGroup>
    <CustomBuild Include="D:\dev\openfec\openfec_v1.4.2\applis\eperftool\CMakeLists.txt" />
  </ItemGroup>
  <ItemGroup>
    <Filter Include="Header Files">
      <UniqueIdentifier>{ACA9225D-7E95-3EA3-B9E0-6DFB6C6180E6}</UniqueIdentifier>
    </Filter>
    <Filter Include="Source Files">
      <UniqueIdentifier>{3B508F7B-45A9-3C8E-97EB-BAD32816D95C}</UniqueIdentifier>
    </Filter>
  </ItemGroup>
</Project>
