<?xml version="1.0" encoding="utf-8"?>
<Project ToolsVersion="16.0" xmlns="http://schemas.microsoft.com/developer/msbuild/2003">
  <ItemGroup>
    <ClCompile Include="D:\dev\openfec\openfec_v1.4.2\applis\howto_examples\simple_client_server\simple_server.c">
      <Filter>Source Files</Filter>
    </ClCompile>
  </ItemGroup>
  <ItemGroup>
    <CustomBuild Include="D:\dev\openfec\openfec_v1.4.2\applis\howto_examples\simple_client_server\CMakeLists.txt" />
  </ItemGroup>
  <ItemGroup>
    <Filter Include="Source Files">
      <UniqueIdentifier>{3B508F7B-45A9-3C8E-97EB-BAD32816D95C}</UniqueIdentifier>
    </Filter>
  </ItemGroup>
</Project>
